
Microsoft Visual Studio Solution File, Format Version 12.00
# Visual Studio Version 16
VisualStudioVersion = 16.0.30517.126
MinimumVisualStudioVersion = 10.0.40219.1
Project("{FAE04EC0-301F-11D3-BF4B-00C04F79EFBC}") = "Giraffe", "Giraffe.csproj", "{2EDF2BB9-875A-4787-9BD3-AEE4A53B6B04}"
EndProject
Global
	GlobalSection(SolutionConfigurationPlatforms) = preSolution
		Debug|Any CPU = Debug|Any CPU
		Release|Any CPU = Release|Any CPU
	EndGlobalSection
	GlobalSection(ProjectConfigurationPlatforms) = postSolution
		{2EDF2BB9-875A-4787-9BD3-AEE4A53B6B04}.Debug|Any CPU.ActiveCfg = Debug|Any CPU
		{2EDF2BB9-875A-4787-9BD3-AEE4A53B6B04}.Debug|Any CPU.Build.0 = Debug|Any CPU
		{2EDF2BB9-875A-4787-9BD3-AEE4A53B6B04}.Release|Any CPU.ActiveCfg = Release|Any CPU
		{2EDF2BB9-875A-4787-9BD3-AEE4A53B6B04}.Release|Any CPU.Build.0 = Release|Any CPU
	EndGlobalSection
	GlobalSection(SolutionProperties) = preSolution
		HideSolutionNode = FALSE
	EndGlobalSection
	GlobalSection(ExtensibilityGlobals) = postSolution
		SolutionGuid = {ED0BA50E-9648-40ED-B25B-5B6C24BD4979}
	EndGlobalSection
EndGlobal
